
Microsoft Visual Studio Solution File, Format Version 12.00
# Visual Studio 15
VisualStudioVersion = 15.0.28307.902
MinimumVisualStudioVersion = 10.0.40219.1
Project("{FAE04EC0-301F-11D3-BF4B-00C04F79EFBC}") = "TCPSender", "TCPSender\TCPSender.csproj", "{196C87A2-2FB9-410A-A582-FE6EB719F77A}"
EndProject
Project("{FAE04EC0-301F-11D3-BF4B-00C04F79EFBC}") = "D2DUIv3", "D2DUIv3\D2DUIv3.csproj", "{1F6ECA8E-AAA3-4EB1-BFA5-7EC855563130}"
EndProject
Project("{FAE04EC0-301F-11D3-BF4B-00C04F79EFBC}") = "ScreenCaptureLibrary", "ScreenCaptureLibrary\ScreenCaptureLibrary.csproj", "{6437B61C-93B1-46DE-8CC4-C5BCC4EF484E}"
EndProject
Global
	GlobalSection(SolutionConfigurationPlatforms) = preSolution
		Debug|Any CPU = Debug|Any CPU
		Debug|x64 = Debug|x64
		Release|Any CPU = Release|Any CPU
		Release|x64 = Release|x64
	EndGlobalSection
	GlobalSection(ProjectConfigurationPlatforms) = postSolution
		{196C87A2-2FB9-410A-A582-FE6EB719F77A}.Debug|Any CPU.ActiveCfg = Debug|x64
		{196C87A2-2FB9-410A-A582-FE6EB719F77A}.Debug|Any CPU.Build.0 = Debug|x64
		{196C87A2-2FB9-410A-A582-FE6EB719F77A}.Debug|x64.ActiveCfg = Debug|x64
		{196C87A2-2FB9-410A-A582-FE6EB719F77A}.Debug|x64.Build.0 = Debug|x64
		{196C87A2-2FB9-410A-A582-FE6EB719F77A}.Release|Any CPU.ActiveCfg = Debug|x64
		{196C87A2-2FB9-410A-A582-FE6EB719F77A}.Release|Any CPU.Build.0 = Debug|x64
		{196C87A2-2FB9-410A-A582-FE6EB719F77A}.Release|x64.ActiveCfg = Release|x64
		{196C87A2-2FB9-410A-A582-FE6EB719F77A}.Release|x64.Build.0 = Release|x64
		{1F6ECA8E-AAA3-4EB1-BFA5-7EC855563130}.Debug|Any CPU.ActiveCfg = Debug|Any CPU
		{1F6ECA8E-AAA3-4EB1-BFA5-7EC855563130}.Debug|Any CPU.Build.0 = Debug|Any CPU
		{1F6ECA8E-AAA3-4EB1-BFA5-7EC855563130}.Debug|Any CPU.Deploy.0 = Debug|Any CPU
		{1F6ECA8E-AAA3-4EB1-BFA5-7EC855563130}.Debug|x64.ActiveCfg = Debug|Any CPU
		{1F6ECA8E-AAA3-4EB1-BFA5-7EC855563130}.Debug|x64.Build.0 = Debug|Any CPU
		{1F6ECA8E-AAA3-4EB1-BFA5-7EC855563130}.Debug|x64.Deploy.0 = Debug|Any CPU
		{1F6ECA8E-AAA3-4EB1-BFA5-7EC855563130}.Release|Any CPU.ActiveCfg = Release|Any CPU
		{1F6ECA8E-AAA3-4EB1-BFA5-7EC855563130}.Release|Any CPU.Build.0 = Release|Any CPU
		{1F6ECA8E-AAA3-4EB1-BFA5-7EC855563130}.Release|Any CPU.Deploy.0 = Release|Any CPU
		{1F6ECA8E-AAA3-4EB1-BFA5-7EC855563130}.Release|x64.ActiveCfg = Release|Any CPU
		{1F6ECA8E-AAA3-4EB1-BFA5-7EC855563130}.Release|x64.Build.0 = Release|Any CPU
		{1F6ECA8E-AAA3-4EB1-BFA5-7EC855563130}.Release|x64.Deploy.0 = Release|Any CPU
		{6437B61C-93B1-46DE-8CC4-C5BCC4EF484E}.Debug|Any CPU.ActiveCfg = Debug|Any CPU
		{6437B61C-93B1-46DE-8CC4-C5BCC4EF484E}.Debug|Any CPU.Build.0 = Debug|Any CPU
		{6437B61C-93B1-46DE-8CC4-C5BCC4EF484E}.Debug|x64.ActiveCfg = Debug|Any CPU
		{6437B61C-93B1-46DE-8CC4-C5BCC4EF484E}.Debug|x64.Build.0 = Debug|Any CPU
		{6437B61C-93B1-46DE-8CC4-C5BCC4EF484E}.Release|Any CPU.ActiveCfg = Release|Any CPU
		{6437B61C-93B1-46DE-8CC4-C5BCC4EF484E}.Release|Any CPU.Build.0 = Release|Any CPU
		{6437B61C-93B1-46DE-8CC4-C5BCC4EF484E}.Release|x64.ActiveCfg = Release|Any CPU
		{6437B61C-93B1-46DE-8CC4-C5BCC4EF484E}.Release|x64.Build.0 = Release|Any CPU
	EndGlobalSection
	GlobalSection(SolutionProperties) = preSolution
		HideSolutionNode = FALSE
	EndGlobalSection
	GlobalSection(ExtensibilityGlobals) = postSolution
		SolutionGuid = {BC33EF86-A52B-414E-93FD-39158CB4B731}
	EndGlobalSection
EndGlobal
